// !$*UTF8*$!
{
	archiveVersion = 1;
	classes = {
	};
	objectVersion = 56;
	objects = {

/* Begin PBXBuildFile section */
		EB2F9E3E4735F28D9BAE60F0 /* iMusicApp.swift in Sources */ = {isa = PBXBuildFile; fileRef = 3B26D0442026A5EFC1963931 /* iMusicApp.swift */; };
		2C1F04358354A71CBCAF1D70 /* Theme.swift in Sources */ = {isa = PBXBuildFile; fileRef = 098D8B4264C28A84D5EB4AF3 /* Theme.swift */; };
		713BBA7A81CE4F9378E045EC /* Models.swift in Sources */ = {isa = PBXBuildFile; fileRef = 39CA80833698C27DC5654D30 /* Models.swift */; };
		5B7F8E0C8756F49E20E44B4C /* SearchService.swift in Sources */ = {isa = PBXBuildFile; fileRef = E1F7251C0EA3F910F2D9C3A6 /* SearchService.swift */; };
		969D9DBF323B9B31571F09FB /* AudioPlayerManager.swift in Sources */ = {isa = PBXBuildFile; fileRef = E2C361B5B704767016AF97F4 /* AudioPlayerManager.swift */; };
		ADB84623642AA22369408559 /* DownloadManager.swift in Sources */ = {isa = PBXBuildFile; fileRef = DE365335194C68C30D58680F /* DownloadManager.swift */; };
		3DC0DEDE4467B20549816E09 /* LibraryStore.swift in Sources */ = {isa = PBXBuildFile; fileRef = 9965F3AB3E42DC25094548CD /* LibraryStore.swift */; };
		257941E653A305199A733960 /* SettingsStore.swift in Sources */ = {isa = PBXBuildFile; fileRef = BE12C2C0D85110E192D0A273 /* SettingsStore.swift */; };
		70A86E8496D79A45545E99E6 /* ToastManager.swift in Sources */ = {isa = PBXBuildFile; fileRef = 931B88131997DCF7AB94BC55 /* ToastManager.swift */; };
		555F9AEA6681F92B5155F154 /* ImageCache.swift in Sources */ = {isa = PBXBuildFile; fileRef = 85BE1F07E5B26CD5C9641189 /* ImageCache.swift */; };
		22526D8D373CC032828194F3 /* ToastOverlay.swift in Sources */ = {isa = PBXBuildFile; fileRef = B5A49D46B8B6137778706654 /* ToastOverlay.swift */; };
		6BFF39321698ABA70E1AD4D6 /* CustomTabBar.swift in Sources */ = {isa = PBXBuildFile; fileRef = 2AF585D27D1E4927FE36822E /* CustomTabBar.swift */; };
		A60B560DB9779743BE91BFD3 /* ContentView.swift in Sources */ = {isa = PBXBuildFile; fileRef = 90A5F95BFA21D6DAF7F5BBFF /* ContentView.swift */; };
		F91DC56D7597920B3656AF6F /* TrackRow.swift in Sources */ = {isa = PBXBuildFile; fileRef = A2342E23DF54B1C5FB65CAEF /* TrackRow.swift */; };
		933548DF792B396B5C8F39D7 /* SearchView.swift in Sources */ = {isa = PBXBuildFile; fileRef = 8A29A45993DAD2D8FA1C1AFD /* SearchView.swift */; };
		7A1A2E1990D7325B86EAC292 /* PlayerView.swift in Sources */ = {isa = PBXBuildFile; fileRef = 61C0DE5F7D2F7DAA915694C5 /* PlayerView.swift */; };
		212677A7E7071BE3F1CC73E9 /* LibraryView.swift in Sources */ = {isa = PBXBuildFile; fileRef = 266CB4CF9BDBB5214A5EE2B4 /* LibraryView.swift */; };
		CA8391F7FBF15EF2A024D54B /* SettingsView.swift in Sources */ = {isa = PBXBuildFile; fileRef = 6ABAD276BE87914714CAD952 /* SettingsView.swift */; };
		010808E1F62BE9C9280BB763 /* SharedComponents.swift in Sources */ = {isa = PBXBuildFile; fileRef = 6C02676E9279400E346D231F /* SharedComponents.swift */; };
		0B41DD55D2B0CF79176CAD14 /* Assets.xcassets in Resources */ = {isa = PBXBuildFile; fileRef = 49C36F8A172758EFBB8972F1 /* Assets.xcassets */; };
		AC9047E805FE1BDE2E2DAF3E /* EqualizerManager.swift in Sources */ = {isa = PBXBuildFile; fileRef = 3D1B113A3228939BD6A4A278 /* EqualizerManager.swift */; };
		967705A15975030559B12D31 /* EqualizerView.swift in Sources */ = {isa = PBXBuildFile; fileRef = 1FF12ABF5F8C3BE0E9DF3698 /* EqualizerView.swift */; };
/* End PBXBuildFile section */

/* Begin PBXFileReference section */
		F0CD14B0485A878E44DF71D0 /* iMusic.app */ = {isa = PBXFileReference; explicitFileType = wrapper.application; includeInIndex = 0; path = iMusic.app; sourceTree = BUILT_PRODUCTS_DIR; };
		7C70189C76C7DBDDF54E9F18 /* Info.plist */ = {isa = PBXFileReference; lastKnownFileType = text.plist.xml; path = Info.plist; sourceTree = "<group>"; };
		49C36F8A172758EFBB8972F1 /* Assets.xcassets */ = {isa = PBXFileReference; lastKnownFileType = folder.assetcatalog; path = Assets.xcassets; sourceTree = "<group>"; };
		3B26D0442026A5EFC1963931 /* iMusicApp.swift */ = {isa = PBXFileReference; lastKnownFileType = sourcecode.swift; path = iMusicApp.swift; sourceTree = "<group>"; };
		098D8B4264C28A84D5EB4AF3 /* Theme.swift */ = {isa = PBXFileReference; lastKnownFileType = sourcecode.swift; path = Theme.swift; sourceTree = "<group>"; };
		39CA80833698C27DC5654D30 /* Models.swift */ = {isa = PBXFileReference; lastKnownFileType = sourcecode.swift; path = Models.swift; sourceTree = "<group>"; };
		E1F7251C0EA3F910F2D9C3A6 /* SearchService.swift */ = {isa = PBXFileReference; lastKnownFileType = sourcecode.swift; path = SearchService.swift; sourceTree = "<group>"; };
		E2C361B5B704767016AF97F4 /* AudioPlayerManager.swift */ = {isa = PBXFileReference; lastKnownFileType = sourcecode.swift; path = AudioPlayerManager.swift; sourceTree = "<group>"; };
		DE365335194C68C30D58680F /* DownloadManager.swift */ = {isa = PBXFileReference; lastKnownFileType = sourcecode.swift; path = DownloadManager.swift; sourceTree = "<group>"; };
		9965F3AB3E42DC25094548CD /* LibraryStore.swift */ = {isa = PBXFileReference; lastKnownFileType = sourcecode.swift; path = LibraryStore.swift; sourceTree = "<group>"; };
		BE12C2C0D85110E192D0A273 /* SettingsStore.swift */ = {isa = PBXFileReference; lastKnownFileType = sourcecode.swift; path = SettingsStore.swift; sourceTree = "<group>"; };
		931B88131997DCF7AB94BC55 /* ToastManager.swift */ = {isa = PBXFileReference; lastKnownFileType = sourcecode.swift; path = ToastManager.swift; sourceTree = "<group>"; };
		85BE1F07E5B26CD5C9641189 /* ImageCache.swift */ = {isa = PBXFileReference; lastKnownFileType = sourcecode.swift; path = ImageCache.swift; sourceTree = "<group>"; };
		B5A49D46B8B6137778706654 /* ToastOverlay.swift */ = {isa = PBXFileReference; lastKnownFileType = sourcecode.swift; path = ToastOverlay.swift; sourceTree = "<group>"; };
		2AF585D27D1E4927FE36822E /* CustomTabBar.swift */ = {isa = PBXFileReference; lastKnownFileType = sourcecode.swift; path = CustomTabBar.swift; sourceTree = "<group>"; };
		90A5F95BFA21D6DAF7F5BBFF /* ContentView.swift */ = {isa = PBXFileReference; lastKnownFileType = sourcecode.swift; path = ContentView.swift; sourceTree = "<group>"; };
		A2342E23DF54B1C5FB65CAEF /* TrackRow.swift */ = {isa = PBXFileReference; lastKnownFileType = sourcecode.swift; path = TrackRow.swift; sourceTree = "<group>"; };
		8A29A45993DAD2D8FA1C1AFD /* SearchView.swift */ = {isa = PBXFileReference; lastKnownFileType = sourcecode.swift; path = SearchView.swift; sourceTree = "<group>"; };
		61C0DE5F7D2F7DAA915694C5 /* PlayerView.swift */ = {isa = PBXFileReference; lastKnownFileType = sourcecode.swift; path = PlayerView.swift; sourceTree = "<group>"; };
		266CB4CF9BDBB5214A5EE2B4 /* LibraryView.swift */ = {isa = PBXFileReference; lastKnownFileType = sourcecode.swift; path = LibraryView.swift; sourceTree = "<group>"; };
		6ABAD276BE87914714CAD952 /* SettingsView.swift */ = {isa = PBXFileReference; lastKnownFileType = sourcecode.swift; path = SettingsView.swift; sourceTree = "<group>"; };
		6C02676E9279400E346D231F /* SharedComponents.swift */ = {isa = PBXFileReference; lastKnownFileType = sourcecode.swift; path = SharedComponents.swift; sourceTree = "<group>"; };
		3D1B113A3228939BD6A4A278 /* EqualizerManager.swift */ = {isa = PBXFileReference; lastKnownFileType = sourcecode.swift; path = EqualizerManager.swift; sourceTree = "<group>"; };
		1FF12ABF5F8C3BE0E9DF3698 /* EqualizerView.swift */ = {isa = PBXFileReference; lastKnownFileType = sourcecode.swift; path = EqualizerView.swift; sourceTree = "<group>"; };
/* End PBXFileReference section */

/* Begin PBXFrameworksBuildPhase section */
		7C416216EA03E5B2F23DC2B9 /* Frameworks */ = {
			isa = PBXFrameworksBuildPhase;
			buildActionMask = 2147483647;
			files = (
			);
			runOnlyForDeploymentPostprocessing = 0;
		};
/* End PBXFrameworksBuildPhase section */

/* Begin PBXGroup section */
		DBDFB1416AEDBE1FE0084EC4 = {
			isa = PBXGroup;
			children = (
				9A93283178E2C9C4B97C82F8 /* iMusicWidget */,
				6213CB44497FA9A84253100A /* iMusic */,
				7F2F759B1018AB569D866721 /* Products */,
			);
			sourceTree = "<group>";
		};
		7F2F759B1018AB569D866721 /* Products */ = {
			isa = PBXGroup;
			children = (
				E82562F4CEFE9ECC6314A791 /* iMusicWidget.appex */,
				F0CD14B0485A878E44DF71D0 /* iMusic.app */,
			);
			name = Products;
			sourceTree = "<group>";
		};
		6213CB44497FA9A84253100A /* iMusic */ = {
			isa = PBXGroup;
			children = (
				3B26D0442026A5EFC1963931 /* iMusicApp.swift */,
				098D8B4264C28A84D5EB4AF3 /* Theme.swift */,
				39CA80833698C27DC5654D30 /* Models.swift */,
				E1F7251C0EA3F910F2D9C3A6 /* SearchService.swift */,
				E2C361B5B704767016AF97F4 /* AudioPlayerManager.swift */,
				DE365335194C68C30D58680F /* DownloadManager.swift */,
				9965F3AB3E42DC25094548CD /* LibraryStore.swift */,
				BE12C2C0D85110E192D0A273 /* SettingsStore.swift */,
				931B88131997DCF7AB94BC55 /* ToastManager.swift */,
				85BE1F07E5B26CD5C9641189 /* ImageCache.swift */,
				B5A49D46B8B6137778706654 /* ToastOverlay.swift */,
				2AF585D27D1E4927FE36822E /* CustomTabBar.swift */,
				90A5F95BFA21D6DAF7F5BBFF /* ContentView.swift */,
				A2342E23DF54B1C5FB65CAEF /* TrackRow.swift */,
				8A29A45993DAD2D8FA1C1AFD /* SearchView.swift */,
				61C0DE5F7D2F7DAA915694C5 /* PlayerView.swift */,
				266CB4CF9BDBB5214A5EE2B4 /* LibraryView.swift */,
				6ABAD276BE87914714CAD952 /* SettingsView.swift */,
				6C02676E9279400E346D231F /* SharedComponents.swift */,
				49C36F8A172758EFBB8972F1 /* Assets.xcassets */,
				7C70189C76C7DBDDF54E9F18 /* Info.plist */,
				3D1B113A3228939BD6A4A278 /* EqualizerManager.swift */,
				1FF12ABF5F8C3BE0E9DF3698 /* EqualizerView.swift */,
);
			path = iMusic;
			sourceTree = "<group>";
		};
/* End PBXGroup section */

/* Begin PBXNativeTarget section */
		C2E97C1287756EC08571CDDB /* iMusic */ = {
			isa = PBXNativeTarget;
			buildConfigurationList = D7C408997F7BB7F2C5FE5479 /* Build configuration list for PBXNativeTarget "iMusic" */;
			buildPhases = (
				CB9CC13435AC640766AA6AB0 /* Embed App Extensions */,
				174F5B21A81AE70ACFB5ED64 /* Sources */,
				247F68D53CBE9DB46A8430D2 /* Resources */,
				7C416216EA03E5B2F23DC2B9 /* Frameworks */,
			);
			buildRules = (
			);
			dependencies = (
			);
			name = iMusic;
			packageProductDependencies = (
			);
			productName = iMusic;
			productReference = F0CD14B0485A878E44DF71D0 /* iMusic.app */;
			productType = "com.apple.product-type.application";
		};
/* End PBXNativeTarget section */

/* Begin PBXProject section */
		40B42B4CDB667A4DED7B3859 /* Project object */ = {
			isa = PBXProject;
			attributes = {
				BuildIndependentTargetsInParallel = 1;
				LastSwiftUpdateCheck = 1600;
				LastUpgradeCheck = 1600;
			};
			buildConfigurationList = 1EAEF44D06CBE9A113A817BA /* Build configuration list for PBXProject "iMusic" */;
			compatibilityVersion = "Xcode 14.0";
			developmentRegion = ru;
			hasScannedForEncodings = 0;
			knownRegions = (
				en,
				Base,
				ru,
			);
			mainGroup = DBDFB1416AEDBE1FE0084EC4;
			packageReferences = (
			);
			productRefGroup = 7F2F759B1018AB569D866721 /* Products */;
			projectDirPath = "";
			projectRoot = "";
			targets = (
				C2E97C1287756EC08571CDDB /* iMusic */,
				583E975C849D0D9D98461A2D /* iMusicWidget */,
			);
		};
/* End PBXProject section */

/* Begin PBXResourcesBuildPhase section */
		247F68D53CBE9DB46A8430D2 /* Resources */ = {
			isa = PBXResourcesBuildPhase;
			buildActionMask = 2147483647;
			files = (
				0B41DD55D2B0CF79176CAD14 /* Assets.xcassets in Resources */,
			);
			runOnlyForDeploymentPostprocessing = 0;
		};
/* End PBXResourcesBuildPhase section */

/* Begin PBXSourcesBuildPhase section */
		174F5B21A81AE70ACFB5ED64 /* Sources */ = {
			isa = PBXSourcesBuildPhase;
			buildActionMask = 2147483647;
			files = (
				EB2F9E3E4735F28D9BAE60F0 /* iMusicApp.swift in Sources */,
				2C1F04358354A71CBCAF1D70 /* Theme.swift in Sources */,
				713BBA7A81CE4F9378E045EC /* Models.swift in Sources */,
				5B7F8E0C8756F49E20E44B4C /* SearchService.swift in Sources */,
				969D9DBF323B9B31571F09FB /* AudioPlayerManager.swift in Sources */,
				ADB84623642AA22369408559 /* DownloadManager.swift in Sources */,
				3DC0DEDE4467B20549816E09 /* LibraryStore.swift in Sources */,
				257941E653A305199A733960 /* SettingsStore.swift in Sources */,
				70A86E8496D79A45545E99E6 /* ToastManager.swift in Sources */,
				555F9AEA6681F92B5155F154 /* ImageCache.swift in Sources */,
				22526D8D373CC032828194F3 /* ToastOverlay.swift in Sources */,
				6BFF39321698ABA70E1AD4D6 /* CustomTabBar.swift in Sources */,
				A60B560DB9779743BE91BFD3 /* ContentView.swift in Sources */,
				F91DC56D7597920B3656AF6F /* TrackRow.swift in Sources */,
				933548DF792B396B5C8F39D7 /* SearchView.swift in Sources */,
				7A1A2E1990D7325B86EAC292 /* PlayerView.swift in Sources */,
				212677A7E7071BE3F1CC73E9 /* LibraryView.swift in Sources */,
				CA8391F7FBF15EF2A024D54B /* SettingsView.swift in Sources */,
				010808E1F62BE9C9280BB763 /* SharedComponents.swift in Sources */,
				AC9047E805FE1BDE2E2DAF3E /* EqualizerManager.swift in Sources */,
				967705A15975030559B12D31 /* EqualizerView.swift in Sources */,
			);;
			runOnlyForDeploymentPostprocessing = 0;
		};
/* End PBXSourcesBuildPhase section */

/* Begin XCBuildConfiguration section */
		F33DF1567D7A62E80B22C52C /* Debug */ = {
			isa = XCBuildConfiguration;
			buildSettings = {
				ALWAYS_SEARCH_USER_PATHS = NO;
				CLANG_ENABLE_MODULES = YES;
				CLANG_ENABLE_OBJC_ARC = YES;
				COPY_PHASE_STRIP = NO;
				DEBUG_INFORMATION_FORMAT = dwarf;
				ENABLE_TESTABILITY = YES;
				GCC_C_LANGUAGE_STANDARD = gnu17;
				GCC_NO_COMMON_BLOCKS = YES;
				GCC_OPTIMIZATION_LEVEL = 0;
				GCC_WARN_ABOUT_RETURN_TYPE = YES_ERROR;
				MTL_FAST_MATH = YES;
				ONLY_ACTIVE_ARCH = YES;
				SDKROOT = iphoneos;
				SWIFT_ACTIVE_COMPILATION_CONDITIONS = DEBUG;
				SWIFT_OPTIMIZATION_LEVEL = "-Onone";
			};
			name = Debug;
		};
		9227BB5E7808F902434E0834 /* Release */ = {
			isa = XCBuildConfiguration;
			buildSettings = {
				ALWAYS_SEARCH_USER_PATHS = NO;
				CLANG_ENABLE_MODULES = YES;
				CLANG_ENABLE_OBJC_ARC = YES;
				COPY_PHASE_STRIP = NO;
				DEBUG_INFORMATION_FORMAT = "dwarf-with-dsym";
				ENABLE_NS_ASSERTIONS = NO;
				GCC_C_LANGUAGE_STANDARD = gnu17;
				GCC_NO_COMMON_BLOCKS = YES;
				GCC_WARN_ABOUT_RETURN_TYPE = YES_ERROR;
				MTL_FAST_MATH = YES;
				SDKROOT = iphoneos;
				SWIFT_COMPILATION_MODE = wholemodule;
				SWIFT_OPTIMIZATION_LEVEL = "-O";
				VALIDATE_PRODUCT = YES;
			};
			name = Release;
		};
		468C93A29C54B401C1722B1A /* Debug */ = {
			isa = XCBuildConfiguration;
			buildSettings = {
				ASSETCATALOG_COMPILER_APPICON_NAME = AppIcon;
				CODE_SIGN_IDENTITY = "";
				CODE_SIGNING_ALLOWED = NO;
				CODE_SIGNING_REQUIRED = NO;
				CURRENT_PROJECT_VERSION = 1;
				GENERATE_INFOPLIST_FILE = NO;
				INFOPLIST_FILE = iMusic/Info.plist;
				IPHONEOS_DEPLOYMENT_TARGET = 17.0;
				LE_SWIFT_VERSION = 5.0;
				MARKETING_VERSION = 1.0;
				PRODUCT_BUNDLE_IDENTIFIER = com.selfcode.imusic;
				PRODUCT_NAME = "$(TARGET_NAME)";
				SWIFT_EMIT_LOC_STRINGS = YES;
				SWIFT_VERSION = 5.0;
				TARGETED_DEVICE_FAMILY = "1,2";
			};
			name = Debug;
		};
		29AF37361F17D145409CBC87 /* Release */ = {
			isa = XCBuildConfiguration;
			buildSettings = {
				ASSETCATALOG_COMPILER_APPICON_NAME = AppIcon;
				CODE_SIGN_IDENTITY = "";
				CODE_SIGNING_ALLOWED = NO;
				CODE_SIGNING_REQUIRED = NO;
				CURRENT_PROJECT_VERSION = 1;
				GENERATE_INFOPLIST_FILE = NO;
				INFOPLIST_FILE = iMusic/Info.plist;
				IPHONEOS_DEPLOYMENT_TARGET = 17.0;
				LE_SWIFT_VERSION = 5.0;
				MARKETING_VERSION = 1.0;
				PRODUCT_BUNDLE_IDENTIFIER = com.selfcode.imusic;
				PRODUCT_NAME = "$(TARGET_NAME)";
				SWIFT_EMIT_LOC_STRINGS = YES;
				SWIFT_VERSION = 5.0;
				TARGETED_DEVICE_FAMILY = "1,2";
			};
			name = Release;
		};
/* End XCBuildConfiguration section */

/* Begin XCConfigurationList section */
		1EAEF44D06CBE9A113A817BA /* Build configuration list for PBXProject "iMusic" */ = {
			isa = XCConfigurationList;
			buildConfigurations = (
				F33DF1567D7A62E80B22C52C /* Debug */,
				9227BB5E7808F902434E0834 /* Release */,
			);
			defaultConfigurationIsVisible = 0;
			defaultConfigurationName = Release;
		};
		D7C408997F7BB7F2C5FE5479 /* Build configuration list for PBXNativeTarget "iMusic" */ = {
			isa = XCConfigurationList;
			buildConfigurations = (
				468C93A29C54B401C1722B1A /* Debug */,
				29AF37361F17D145409CBC87 /* Release */,
			);
			defaultConfigurationIsVisible = 0;
			defaultConfigurationName = Release;
		};
/* End XCConfigurationList section */

	};
	rootObject = 40B42B4CDB667A4DED7B3859 /* Project object */;
}
